
Microsoft Visual Studio Solution File, Format Version 12.00
# Visual Studio Version 18
VisualStudioVersion = 18.6.11716.218
MinimumVisualStudioVersion = 10.0.40219.1
Project("{FAE04EC0-301F-11D3-BF4B-00C04F79EFBC}") = "BankCore.Core", "BankCore.Core\BankCore.Core.csproj", "{A1B2C3D4-0001-0001-0001-000000000001}"
EndProject
Project("{FAE04EC0-301F-11D3-BF4B-00C04F79EFBC}") = "BankCore.Data", "BankCore.Data\BankCore.Data.csproj", "{A1B2C3D4-0002-0002-0002-000000000002}"
EndProject
Project("{FAE04EC0-301F-11D3-BF4B-00C04F79EFBC}") = "BankCore.App", "BankCore.App\BankCore.App.csproj", "{A1B2C3D4-0003-0003-0003-000000000003}"
EndProject
Project("{FAE04EC0-301F-11D3-BF4B-00C04F79EFBC}") = "BankCore.Tests.MSTest", "BankCore.Tests.MSTest\BankCore.Tests.MSTest.csproj", "{93C3C16C-A8E1-47EA-A64E-CD5307B84B6B}"
EndProject
Project("{FAE04EC0-301F-11D3-BF4B-00C04F79EFBC}") = "BankCore.Tests.NUnit", "BankCore.Tests.NUnit\BankCore.Tests.NUnit.csproj", "{BED9FB6E-DD53-40D4-9292-C91EDC8A9912}"
EndProject
Project("{FAE04EC0-301F-11D3-BF4B-00C04F79EFBC}") = "BankCore.Tests.xUnit", "BankCore.Tests.xUnit\BankCore.Tests.xUnit.csproj", "{F814AD71-AE30-447F-845C-01B41002C914}"
EndProject
Global
	GlobalSection(SolutionConfigurationPlatforms) = preSolution
		Debug|Any CPU = Debug|Any CPU
		Debug|x64 = Debug|x64
		Debug|x86 = Debug|x86
		Release|Any CPU = Release|Any CPU
		Release|x64 = Release|x64
		Release|x86 = Release|x86
	EndGlobalSection
	GlobalSection(ProjectConfigurationPlatforms) = postSolution
		{A1B2C3D4-0001-0001-0001-000000000001}.Debug|Any CPU.ActiveCfg = Debug|Any CPU
		{A1B2C3D4-0001-0001-0001-000000000001}.Debug|Any CPU.Build.0 = Debug|Any CPU
		{A1B2C3D4-0001-0001-0001-000000000001}.Debug|x64.ActiveCfg = Debug|Any CPU
		{A1B2C3D4-0001-0001-0001-000000000001}.Debug|x64.Build.0 = Debug|Any CPU
		{A1B2C3D4-0001-0001-0001-000000000001}.Debug|x86.ActiveCfg = Debug|Any CPU
		{A1B2C3D4-0001-0001-0001-000000000001}.Debug|x86.Build.0 = Debug|Any CPU
		{A1B2C3D4-0001-0001-0001-000000000001}.Release|Any CPU.ActiveCfg = Release|Any CPU
		{A1B2C3D4-0001-0001-0001-000000000001}.Release|Any CPU.Build.0 = Release|Any CPU
		{A1B2C3D4-0001-0001-0001-000000000001}.Release|x64.ActiveCfg = Release|Any CPU
		{A1B2C3D4-0001-0001-0001-000000000001}.Release|x64.Build.0 = Release|Any CPU
		{A1B2C3D4-0001-0001-0001-000000000001}.Release|x86.ActiveCfg = Release|Any CPU
		{A1B2C3D4-0001-0001-0001-000000000001}.Release|x86.Build.0 = Release|Any CPU
		{A1B2C3D4-0002-0002-0002-000000000002}.Debug|Any CPU.ActiveCfg = Debug|Any CPU
		{A1B2C3D4-0002-0002-0002-000000000002}.Debug|Any CPU.Build.0 = Debug|Any CPU
		{A1B2C3D4-0002-0002-0002-000000000002}.Debug|x64.ActiveCfg = Debug|Any CPU
		{A1B2C3D4-0002-0002-0002-000000000002}.Debug|x64.Build.0 = Debug|Any CPU
		{A1B2C3D4-0002-0002-0002-000000000002}.Debug|x86.ActiveCfg = Debug|Any CPU
		{A1B2C3D4-0002-0002-0002-000000000002}.Debug|x86.Build.0 = Debug|Any CPU
		{A1B2C3D4-0002-0002-0002-000000000002}.Release|Any CPU.ActiveCfg = Release|Any CPU
		{A1B2C3D4-0002-0002-0002-000000000002}.Release|Any CPU.Build.0 = Release|Any CPU
		{A1B2C3D4-0002-0002-0002-000000000002}.Release|x64.ActiveCfg = Release|Any CPU
		{A1B2C3D4-0002-0002-0002-000000000002}.Release|x64.Build.0 = Release|Any CPU
		{A1B2C3D4-0002-0002-0002-000000000002}.Release|x86.ActiveCfg = Release|Any CPU
		{A1B2C3D4-0002-0002-0002-000000000002}.Release|x86.Build.0 = Release|Any CPU
		{A1B2C3D4-0003-0003-0003-000000000003}.Debug|Any CPU.ActiveCfg = Debug|Any CPU
		{A1B2C3D4-0003-0003-0003-000000000003}.Debug|Any CPU.Build.0 = Debug|Any CPU
		{A1B2C3D4-0003-0003-0003-000000000003}.Debug|x64.ActiveCfg = Debug|Any CPU
		{A1B2C3D4-0003-0003-0003-000000000003}.Debug|x64.Build.0 = Debug|Any CPU
		{A1B2C3D4-0003-0003-0003-000000000003}.Debug|x86.ActiveCfg = Debug|Any CPU
		{A1B2C3D4-0003-0003-0003-000000000003}.Debug|x86.Build.0 = Debug|Any CPU
		{A1B2C3D4-0003-0003-0003-000000000003}.Release|Any CPU.ActiveCfg = Release|Any CPU
		{A1B2C3D4-0003-0003-0003-000000000003}.Release|Any CPU.Build.0 = Release|Any CPU
		{A1B2C3D4-0003-0003-0003-000000000003}.Release|x64.ActiveCfg = Release|Any CPU
		{A1B2C3D4-0003-0003-0003-000000000003}.Release|x64.Build.0 = Release|Any CPU
		{A1B2C3D4-0003-0003-0003-000000000003}.Release|x86.ActiveCfg = Release|Any CPU
		{A1B2C3D4-0003-0003-0003-000000000003}.Release|x86.Build.0 = Release|Any CPU
		{93C3C16C-A8E1-47EA-A64E-CD5307B84B6B}.Debug|Any CPU.ActiveCfg = Debug|Any CPU
		{93C3C16C-A8E1-47EA-A64E-CD5307B84B6B}.Debug|Any CPU.Build.0 = Debug|Any CPU
		{93C3C16C-A8E1-47EA-A64E-CD5307B84B6B}.Debug|x64.ActiveCfg = Debug|Any CPU
		{93C3C16C-A8E1-47EA-A64E-CD5307B84B6B}.Debug|x64.Build.0 = Debug|Any CPU
		{93C3C16C-A8E1-47EA-A64E-CD5307B84B6B}.Debug|x86.ActiveCfg = Debug|Any CPU
		{93C3C16C-A8E1-47EA-A64E-CD5307B84B6B}.Debug|x86.Build.0 = Debug|Any CPU
		{93C3C16C-A8E1-47EA-A64E-CD5307B84B6B}.Release|Any CPU.ActiveCfg = Release|Any CPU
		{93C3C16C-A8E1-47EA-A64E-CD5307B84B6B}.Release|Any CPU.Build.0 = Release|Any CPU
		{93C3C16C-A8E1-47EA-A64E-CD5307B84B6B}.Release|x64.ActiveCfg = Release|Any CPU
		{93C3C16C-A8E1-47EA-A64E-CD5307B84B6B}.Release|x64.Build.0 = Release|Any CPU
		{93C3C16C-A8E1-47EA-A64E-CD5307B84B6B}.Release|x86.ActiveCfg = Release|Any CPU
		{93C3C16C-A8E1-47EA-A64E-CD5307B84B6B}.Release|x86.Build.0 = Release|Any CPU
		{BED9FB6E-DD53-40D4-9292-C91EDC8A9912}.Debug|Any CPU.ActiveCfg = Debug|Any CPU
		{BED9FB6E-DD53-40D4-9292-C91EDC8A9912}.Debug|Any CPU.Build.0 = Debug|Any CPU
		{BED9FB6E-DD53-40D4-9292-C91EDC8A9912}.Debug|x64.ActiveCfg = Debug|Any CPU
		{BED9FB6E-DD53-40D4-9292-C91EDC8A9912}.Debug|x64.Build.0 = Debug|Any CPU
		{BED9FB6E-DD53-40D4-9292-C91EDC8A9912}.Debug|x86.ActiveCfg = Debug|Any CPU
		{BED9FB6E-DD53-40D4-9292-C91EDC8A9912}.Debug|x86.Build.0 = Debug|Any CPU
		{BED9FB6E-DD53-40D4-9292-C91EDC8A9912}.Release|Any CPU.ActiveCfg = Release|Any CPU
		{BED9FB6E-DD53-40D4-9292-C91EDC8A9912}.Release|Any CPU.Build.0 = Release|Any CPU
		{BED9FB6E-DD53-40D4-9292-C91EDC8A9912}.Release|x64.ActiveCfg = Release|Any CPU
		{BED9FB6E-DD53-40D4-9292-C91EDC8A9912}.Release|x64.Build.0 = Release|Any CPU
		{BED9FB6E-DD53-40D4-9292-C91EDC8A9912}.Release|x86.ActiveCfg = Release|Any CPU
		{BED9FB6E-DD53-40D4-9292-C91EDC8A9912}.Release|x86.Build.0 = Release|Any CPU
		{F814AD71-AE30-447F-845C-01B41002C914}.Debug|Any CPU.ActiveCfg = Debug|Any CPU
		{F814AD71-AE30-447F-845C-01B41002C914}.Debug|Any CPU.Build.0 = Debug|Any CPU
		{F814AD71-AE30-447F-845C-01B41002C914}.Debug|x64.ActiveCfg = Debug|Any CPU
		{F814AD71-AE30-447F-845C-01B41002C914}.Debug|x64.Build.0 = Debug|Any CPU
		{F814AD71-AE30-447F-845C-01B41002C914}.Debug|x86.ActiveCfg = Debug|Any CPU
		{F814AD71-AE30-447F-845C-01B41002C914}.Debug|x86.Build.0 = Debug|Any CPU
		{F814AD71-AE30-447F-845C-01B41002C914}.Release|Any CPU.ActiveCfg = Release|Any CPU
		{F814AD71-AE30-447F-845C-01B41002C914}.Release|Any CPU.Build.0 = Release|Any CPU
		{F814AD71-AE30-447F-845C-01B41002C914}.Release|x64.ActiveCfg = Release|Any CPU
		{F814AD71-AE30-447F-845C-01B41002C914}.Release|x64.Build.0 = Release|Any CPU
		{F814AD71-AE30-447F-845C-01B41002C914}.Release|x86.ActiveCfg = Release|Any CPU
		{F814AD71-AE30-447F-845C-01B41002C914}.Release|x86.Build.0 = Release|Any CPU
	EndGlobalSection
	GlobalSection(SolutionProperties) = preSolution
		HideSolutionNode = FALSE
	EndGlobalSection
EndGlobal
